{
  "originHash" : "3fd74685c79592b4642d284a8a7cbe5d89bd50ee2761bed8b1c69425a618615f",
  "pins" : [
    {
      "identity" : "combinecocoa",
      "kind" : "remoteSourceControl",
      "location" : "https://github.com/XITRIX/CombineCocoa.git",
      "state" : {
        "branch" : "main",
        "revision" : "c1bd62b53589e053c56958beebb6d9aee1367d5d"
      }
    },
    {
      "identity" : "marqueetext",
      "kind" : "remoteSourceControl",
      "location" : "https://github.com/joekndy/MarqueeText.git",
      "state" : {
        "branch" : "master",
        "revision" : "22309f6863a182e81a2b4ebbca8cdc044f854b33"
      }
    },
    {
      "identity" : "openssl",
      "kind" : "remoteSourceControl",
      "location" : "https://github.com/krzyzanowskim/OpenSSL.git",
      "state" : {
        "revision" : "e7d34385da795aaaeb2212e38c7401e5c333f792",
        "version" : "3.6.1"
      }
    },
    {
      "identity" : "swxmlhash",
      "kind" : "remoteSourceControl",
      "location" : "https://github.com/drmohundro/SWXMLHash.git",
      "state" : {
        "revision" : "a853604c9e9a83ad9954c7e3d2a565273982471f",
        "version" : "7.0.2"
      }
    }
  ],
  "version" : 3
}
